
Microsoft Visual Studio Solution File, Format Version 12.00
# Visual Studio 15
VisualStudioVersion = 15.0.28010.2019
MinimumVisualStudioVersion = 10.0.40219.1
Project("{8BC9CEB8-8B4A-11D0-8D11-00A0C91BC942}") = "Workshop2home", "Workshop2home\Workshop2home.vcxproj", "{CE505120-FFA4-4C26-911A-B956149D039F}"
EndProject
Global
	GlobalSection(SolutionConfigurationPlatforms) = preSolution
		Debug|x64 = Debug|x64
		Debug|x86 = Debug|x86
		Release|x64 = Release|x64
		Release|x86 = Release|x86
	EndGlobalSection
	GlobalSection(ProjectConfigurationPlatforms) = postSolution
		{CE505120-FFA4-4C26-911A-B956149D039F}.Debug|x64.ActiveCfg = Debug|x64
		{CE505120-FFA4-4C26-911A-B956149D039F}.Debug|x64.Build.0 = Debug|x64
		{CE505120-FFA4-4C26-911A-B956149D039F}.Debug|x86.ActiveCfg = Debug|Win32
		{CE505120-FFA4-4C26-911A-B956149D039F}.Debug|x86.Build.0 = Debug|Win32
		{CE505120-FFA4-4C26-911A-B956149D039F}.Release|x64.ActiveCfg = Release|x64
		{CE505120-FFA4-4C26-911A-B956149D039F}.Release|x64.Build.0 = Release|x64
		{CE505120-FFA4-4C26-911A-B956149D039F}.Release|x86.ActiveCfg = Release|Win32
		{CE505120-FFA4-4C26-911A-B956149D039F}.Release|x86.Build.0 = Release|Win32
	EndGlobalSection
	GlobalSection(SolutionProperties) = preSolution
		HideSolutionNode = FALSE
	EndGlobalSection
	GlobalSection(ExtensibilityGlobals) = postSolution
		SolutionGuid = {6A4A5399-C435-4CD3-99E0-727C5E78F2E4}
	EndGlobalSection
EndGlobal
